<?xml version="1.0" encoding="utf-8"?>
<Project ToolsVersion="4.0" xmlns="http://schemas.microsoft.com/developer/msbuild/2003">
  <ItemGroup>
    <Filter Include="Source Files">
      <UniqueIdentifier>{4FC737F1-C7A5-4376-A066-2A32D752A2FF}</UniqueIdentifier>
      <Extensions>cpp;c;cc;cxx;def;odl;idl;hpj;bat;asm;asmx</Extensions>
    </Filter>
    <Filter Include="Header Files">
      <UniqueIdentifier>{93995380-89BD-4b04-88EB-625FBE52EBFB}</UniqueIdentifier>
      <Extensions>h;hh;hpp;hxx;hm;inl;inc;xsd</Extensions>
    </Filter>
    <Filter Include="Resource Files">
      <UniqueIdentifier>{67DA6AB6-F800-4c08-8B7A-83BB121AAD01}</UniqueIdentifier>
      <Extensions>rc;ico;cur;bmp;dlg;rc2;rct;bin;rgs;gif;jpg;jpeg;jpe;resx;tiff;tif;png;wav;mfcribbon-ms</Extensions>
    </Filter>
  </ItemGroup>
  <ItemGroup>
    <Text Include="ReadMe.txt" />
  </ItemGroup>
  <ItemGroup>
    <ClInclude Include="stdafx.h">
      <Filter>Header Files</Filter>
    </ClInclude>
    <ClInclude Include="targetver.h">
      <Filter>Header Files</Filter>
    </ClInclude>
    <ClInclude Include="QuadrangleMorphing.h">
      <Filter>Header Files</Filter>
    </ClInclude>
    <ClInclude Include="Point.h">
      <Filter>Header Files</Filter>
    </ClInclude>
    <ClInclude Include="Rectangle.h">
      <Filter>Header Files</Filter>
    </ClInclude>
    <ClInclude Include="MorphingController.h">
      <Filter>Header Files</Filter>
    </ClInclude>
    <ClInclude Include="PenAction.h">
      <Filter>Header Files</Filter>
    </ClInclude>
    <ClInclude Include="MouseMovement.h">
      <Filter>Header Files</Filter>
    </ClInclude>
    <ClInclude Include="WiimoteHandler.h">
      <Filter>Source Files</Filter>
    </ClInclude>
    <ClInclude Include="wiimote.h">
      <Filter>Source Files</Filter>
    </ClInclude>
    <ClInclude Include="wiimote_common.h">
      <Filter>Source Files</Filter>
    </ClInclude>
    <ClInclude Include="wiimote_state.h">
      <Filter>Source Files</Filter>
    </ClInclude>
    <ClInclude Include="MouseInputDLL.h">
      <Filter>Source Files</Filter>
    </ClInclude>
    <ClInclude Include="WiimoteMode.h">
      <Filter>Header Files</Filter>
    </ClInclude>
    <ClInclude Include="PCInputDLL.h">
      <Filter>Source Files</Filter>
    </ClInclude>
    <ClInclude Include="Matrix.h">
      <Filter>Source Files</Filter>
    </ClInclude>
    <ClInclude Include="Perspective.h">
      <Filter>Source Files</Filter>
    </ClInclude>
    <ClInclude Include="Vector.h">
      <Filter>Source Files</Filter>
    </ClInclude>
    <ClInclude Include="Coord.h">
      <Filter>Source Files</Filter>
    </ClInclude>
    <ClInclude Include="InputHandlingMouseMode.h">
      <Filter>Header Files</Filter>
    </ClInclude>
    <ClInclude Include="InputHandlingTouchMode.h">
      <Filter>Header Files</Filter>
    </ClInclude>
  </ItemGroup>
  <ItemGroup>
    <ClCompile Include="stdafx.cpp">
      <Filter>Source Files</Filter>
    </ClCompile>
    <ClCompile Include="QuadrangleMorphing.cpp">
      <Filter>Source Files</Filter>
    </ClCompile>
    <ClCompile Include="Point.cpp">
      <Filter>Source Files</Filter>
    </ClCompile>
    <ClCompile Include="Rectangle.cpp">
      <Filter>Source Files</Filter>
    </ClCompile>
    <ClCompile Include="MorphingController.cpp">
      <Filter>Source Files</Filter>
    </ClCompile>
    <ClCompile Include="MouseMovement.cpp">
      <Filter>Source Files</Filter>
    </ClCompile>
    <ClCompile Include="WiimoteHandler.cpp">
      <Filter>Source Files</Filter>
    </ClCompile>
    <ClCompile Include="wiimote.cpp">
      <Filter>Source Files</Filter>
    </ClCompile>
    <ClCompile Include="Wiiteboard.cpp">
      <Filter>Source Files</Filter>
    </ClCompile>
    <ClCompile Include="Perspective.cpp">
      <Filter>Source Files</Filter>
    </ClCompile>
    <ClCompile Include="Vector.cpp">
      <Filter>Source Files</Filter>
    </ClCompile>
    <ClCompile Include="Matrix.cpp">
      <Filter>Source Files</Filter>
    </ClCompile>
    <ClCompile Include="Coord.cpp">
      <Filter>Source Files</Filter>
    </ClCompile>
    <ClCompile Include="InputHandlingMouseMode.cpp">
      <Filter>Source Files</Filter>
    </ClCompile>
    <ClCompile Include="InputHandlingTouchMode.cpp">
      <Filter>Source Files</Filter>
    </ClCompile>
  </ItemGroup>
  <ItemGroup>
    <None Include="MouseInputDLL.dll">
      <Filter>Source Files</Filter>
    </None>
    <None Include="PCInputDLL.dll">
      <Filter>Source Files</Filter>
    </None>
  </ItemGroup>
  <ItemGroup>
    <Library Include="MouseInputDLL.lib">
      <Filter>Source Files</Filter>
    </Library>
    <Library Include="PCInputDLL.lib">
      <Filter>Source Files</Filter>
    </Library>
  </ItemGroup>
</Project>